
Microsoft Visual Studio Solution File, Format Version 12.00
# Visual Studio Version 16
VisualStudioVersion = 16.0.30717.126
MinimumVisualStudioVersion = 10.0.40219.1
Project("{FAE04EC0-301F-11D3-BF4B-00C04F79EFBC}") = "HighlyDeveloped.Web", "HighlyDeveloped.Web\HighlyDeveloped.Web.csproj", "{6563FBA0-B9F5-4940-AE4B-F0C7773F71EF}"
EndProject
Project("{FAE04EC0-301F-11D3-BF4B-00C04F79EFBC}") = "HighlyDeveloped.Core", "HighlyDeveloped.Core\HighlyDeveloped.Core.csproj", "{B874E76C-3EA5-4255-81AD-3B5536E9EC0E}"
EndProject
Global
	GlobalSection(SolutionConfigurationPlatforms) = preSolution
		Debug|Any CPU = Debug|Any CPU
		Release|Any CPU = Release|Any CPU
	EndGlobalSection
	GlobalSection(ProjectConfigurationPlatforms) = postSolution
		{6563FBA0-B9F5-4940-AE4B-F0C7773F71EF}.Debug|Any CPU.ActiveCfg = Debug|Any CPU
		{6563FBA0-B9F5-4940-AE4B-F0C7773F71EF}.Debug|Any CPU.Build.0 = Debug|Any CPU
		{6563FBA0-B9F5-4940-AE4B-F0C7773F71EF}.Release|Any CPU.ActiveCfg = Release|Any CPU
		{6563FBA0-B9F5-4940-AE4B-F0C7773F71EF}.Release|Any CPU.Build.0 = Release|Any CPU
		{B874E76C-3EA5-4255-81AD-3B5536E9EC0E}.Debug|Any CPU.ActiveCfg = Debug|Any CPU
		{B874E76C-3EA5-4255-81AD-3B5536E9EC0E}.Debug|Any CPU.Build.0 = Debug|Any CPU
		{B874E76C-3EA5-4255-81AD-3B5536E9EC0E}.Release|Any CPU.ActiveCfg = Release|Any CPU
		{B874E76C-3EA5-4255-81AD-3B5536E9EC0E}.Release|Any CPU.Build.0 = Release|Any CPU
	EndGlobalSection
	GlobalSection(SolutionProperties) = preSolution
		HideSolutionNode = FALSE
	EndGlobalSection
	GlobalSection(ExtensibilityGlobals) = postSolution
		SolutionGuid = {7CDBC500-45B2-4184-952A-0FD9F1958A86}
	EndGlobalSection
EndGlobal
